// !$*UTF8*$!
{
	archiveVersion = 1;
	classes = {
	};
	objectVersion = 77;
	objects = {

/* Begin PBXBuildFile section */
		538588B43051FD47007FDFF3 /* Date+Helpers.swift in Sources */ = {isa = PBXBuildFile; fileRef = 538588993051FD47007FDFF3 /* Date+Helpers.swift */; };
		538588B53051FD47007FDFF3 /* AddEventView.swift in Sources */ = {isa = PBXBuildFile; fileRef = 538588A13051FD47007FDFF3 /* AddEventView.swift */; };
		538588B63051FD47007FDFF3 /* AccountHealth+UI.swift in Sources */ = {isa = PBXBuildFile; fileRef = 538588983051FD47007FDFF3 /* AccountHealth+UI.swift */; };
		538588B73051FD47007FDFF3 /* CSMCompanionApp.swift in Sources */ = {isa = PBXBuildFile; fileRef = 538588873051FD47007FDFF3 /* CSMCompanionApp.swift */; };
		538588B83051FD47007FDFF3 /* AccountHealth.swift in Sources */ = {isa = PBXBuildFile; fileRef = 538588903051FD47007FDFF3 /* AccountHealth.swift */; };
		538588B93051FD47007FDFF3 /* AccountsListView.swift in Sources */ = {isa = PBXBuildFile; fileRef = 5385889E3051FD47007FDFF3 /* AccountsListView.swift */; };
		538588BA3051FD47007FDFF3 /* IgnoredCalendarEvent.swift in Sources */ = {isa = PBXBuildFile; fileRef = 538588933051FD47007FDFF3 /* IgnoredCalendarEvent.swift */; };
		538588BB3051FD47007FDFF3 /* CalendarContainerView.swift in Sources */ = {isa = PBXBuildFile; fileRef = 538588A23051FD47007FDFF3 /* CalendarContainerView.swift */; };
		538588BC3051FD47007FDFF3 /* Account.swift in Sources */ = {isa = PBXBuildFile; fileRef = 5385888F3051FD47007FDFF3 /* Account.swift */; };
		538588BD3051FD47007FDFF3 /* TasksListView.swift in Sources */ = {isa = PBXBuildFile; fileRef = 538588B13051FD47007FDFF3 /* TasksListView.swift */; };
		538588BE3051FD47007FDFF3 /* NewsFeedView.swift in Sources */ = {isa = PBXBuildFile; fileRef = 538588A93051FD47007FDFF3 /* NewsFeedView.swift */; };
		538588BF3051FD47007FDFF3 /* EventKitManager.swift in Sources */ = {isa = PBXBuildFile; fileRef = 5385888C3051FD47007FDFF3 /* EventKitManager.swift */; };
		538588C03051FD47007FDFF3 /* EventDetailView.swift in Sources */ = {isa = PBXBuildFile; fileRef = 538588A43051FD47007FDFF3 /* EventDetailView.swift */; };
		538588C13051FD47007FDFF3 /* MainTabView.swift in Sources */ = {isa = PBXBuildFile; fileRef = 538588883051FD47007FDFF3 /* MainTabView.swift */; };
		538588C23051FD47007FDFF3 /* TaskRow.swift in Sources */ = {isa = PBXBuildFile; fileRef = 538588B03051FD47007FDFF3 /* TaskRow.swift */; };
		538588C33051FD47007FDFF3 /* MonthGridView.swift in Sources */ = {isa = PBXBuildFile; fileRef = 538588A53051FD47007FDFF3 /* MonthGridView.swift */; };
		538588C43051FD47007FDFF3 /* NewsItem.swift in Sources */ = {isa = PBXBuildFile; fileRef = 538588943051FD47007FDFF3 /* NewsItem.swift */; };
		538588C53051FD47007FDFF3 /* AccountPickerView.swift in Sources */ = {isa = PBXBuildFile; fileRef = 5385889D3051FD47007FDFF3 /* AccountPickerView.swift */; };
		538588C63051FD47007FDFF3 /* EventType+UI.swift in Sources */ = {isa = PBXBuildFile; fileRef = 5385889A3051FD47007FDFF3 /* EventType+UI.swift */; };
		538588C73051FD47007FDFF3 /* AccountDetailView.swift in Sources */ = {isa = PBXBuildFile; fileRef = 5385889C3051FD47007FDFF3 /* AccountDetailView.swift */; };
		538588C83051FD47007FDFF3 /* NotificationManager.swift in Sources */ = {isa = PBXBuildFile; fileRef = 5385888D3051FD47007FDFF3 /* NotificationManager.swift */; };
		538588C93051FD47007FDFF3 /* AddEditTaskView.swift in Sources */ = {isa = PBXBuildFile; fileRef = 538588AF3051FD47007FDFF3 /* AddEditTaskView.swift */; };
		538588CA3051FD47007FDFF3 /* Event.swift in Sources */ = {isa = PBXBuildFile; fileRef = 538588923051FD47007FDFF3 /* Event.swift */; };
		538588CB3051FD47007FDFF3 /* RecurrenceRule.swift in Sources */ = {isa = PBXBuildFile; fileRef = 538588953051FD47007FDFF3 /* RecurrenceRule.swift */; };
		538588CC3051FD47007FDFF3 /* ReminderCascadeSettings.swift in Sources */ = {isa = PBXBuildFile; fileRef = 538588963051FD47007FDFF3 /* ReminderCascadeSettings.swift */; };
		538588CD3051FD47007FDFF3 /* CloudKitStatusChecker.swift in Sources */ = {isa = PBXBuildFile; fileRef = 5385888B3051FD47007FDFF3 /* CloudKitStatusChecker.swift */; };
		538588CE3051FD47007FDFF3 /* CSMTask.swift in Sources */ = {isa = PBXBuildFile; fileRef = 538588913051FD47007FDFF3 /* CSMTask.swift */; };
		538588CF3051FD47007FDFF3 /* MultiDayScheduleView.swift in Sources */ = {isa = PBXBuildFile; fileRef = 538588A63051FD47007FDFF3 /* MultiDayScheduleView.swift */; };
		538588D03051FD47007FDFF3 /* UnlinkedEventsReviewView.swift in Sources */ = {isa = PBXBuildFile; fileRef = 538588A73051FD47007FDFF3 /* UnlinkedEventsReviewView.swift */; };
		538588D13051FD47007FDFF3 /* RootView.swift in Sources */ = {isa = PBXBuildFile; fileRef = 538588893051FD47007FDFF3 /* RootView.swift */; };
		538588D23051FD47007FDFF3 /* SettingsView.swift in Sources */ = {isa = PBXBuildFile; fileRef = 538588AD3051FD47007FDFF3 /* SettingsView.swift */; };
		538588D33051FD47007FDFF3 /* DayScheduleView.swift in Sources */ = {isa = PBXBuildFile; fileRef = 538588A33051FD47007FDFF3 /* DayScheduleView.swift */; };
		538588D43051FD47007FDFF3 /* AddEditAccountView.swift in Sources */ = {isa = PBXBuildFile; fileRef = 5385889F3051FD47007FDFF3 /* AddEditAccountView.swift */; };
		538588D53051FD47007FDFF3 /* ICloudGateView.swift in Sources */ = {isa = PBXBuildFile; fileRef = 538588AB3051FD47007FDFF3 /* ICloudGateView.swift */; };
/* End PBXBuildFile section */

/* Begin PBXContainerItemProxy section */
		5385886A3051FCBE007FDFF3 /* PBXContainerItemProxy */ = {
			isa = PBXContainerItemProxy;
			containerPortal = 538588503051FCBD007FDFF3 /* Project object */;
			proxyType = 1;
			remoteGlobalIDString = 538588573051FCBD007FDFF3;
			remoteInfo = CSMCompanion;
		};
		538588743051FCBE007FDFF3 /* PBXContainerItemProxy */ = {
			isa = PBXContainerItemProxy;
			containerPortal = 538588503051FCBD007FDFF3 /* Project object */;
			proxyType = 1;
			remoteGlobalIDString = 538588573051FCBD007FDFF3;
			remoteInfo = CSMCompanion;
		};
/* End PBXContainerItemProxy section */

/* Begin PBXFileReference section */
		538588583051FCBD007FDFF3 /* CSMCompanion.app */ = {isa = PBXFileReference; explicitFileType = wrapper.application; includeInIndex = 0; path = CSMCompanion.app; sourceTree = BUILT_PRODUCTS_DIR; };
		538588693051FCBE007FDFF3 /* CSMCompanionTests.xctest */ = {isa = PBXFileReference; explicitFileType = wrapper.cfbundle; includeInIndex = 0; path = CSMCompanionTests.xctest; sourceTree = BUILT_PRODUCTS_DIR; };
		538588733051FCBE007FDFF3 /* CSMCompanionUITests.xctest */ = {isa = PBXFileReference; explicitFileType = wrapper.cfbundle; includeInIndex = 0; path = CSMCompanionUITests.xctest; sourceTree = BUILT_PRODUCTS_DIR; };
		538588873051FD47007FDFF3 /* CSMCompanionApp.swift */ = {isa = PBXFileReference; lastKnownFileType = sourcecode.swift; path = CSMCompanionApp.swift; sourceTree = "<group>"; };
		538588883051FD47007FDFF3 /* MainTabView.swift */ = {isa = PBXFileReference; lastKnownFileType = sourcecode.swift; path = MainTabView.swift; sourceTree = "<group>"; };
		538588893051FD47007FDFF3 /* RootView.swift */ = {isa = PBXFileReference; lastKnownFileType = sourcecode.swift; path = RootView.swift; sourceTree = "<group>"; };
		5385888B3051FD47007FDFF3 /* CloudKitStatusChecker.swift */ = {isa = PBXFileReference; lastKnownFileType = sourcecode.swift; path = CloudKitStatusChecker.swift; sourceTree = "<group>"; };
		5385888C3051FD47007FDFF3 /* EventKitManager.swift */ = {isa = PBXFileReference; lastKnownFileType = sourcecode.swift; path = EventKitManager.swift; sourceTree = "<group>"; };
		5385888D3051FD47007FDFF3 /* NotificationManager.swift */ = {isa = PBXFileReference; lastKnownFileType = sourcecode.swift; path = NotificationManager.swift; sourceTree = "<group>"; };
		5385888F3051FD47007FDFF3 /* Account.swift */ = {isa = PBXFileReference; lastKnownFileType = sourcecode.swift; path = Account.swift; sourceTree = "<group>"; };
		538588903051FD47007FDFF3 /* AccountHealth.swift */ = {isa = PBXFileReference; lastKnownFileType = sourcecode.swift; path = AccountHealth.swift; sourceTree = "<group>"; };
		538588913051FD47007FDFF3 /* CSMTask.swift */ = {isa = PBXFileReference; lastKnownFileType = sourcecode.swift; path = CSMTask.swift; sourceTree = "<group>"; };
		538588923051FD47007FDFF3 /* Event.swift */ = {isa = PBXFileReference; lastKnownFileType = sourcecode.swift; path = Event.swift; sourceTree = "<group>"; };
		538588933051FD47007FDFF3 /* IgnoredCalendarEvent.swift */ = {isa = PBXFileReference; lastKnownFileType = sourcecode.swift; path = IgnoredCalendarEvent.swift; sourceTree = "<group>"; };
		538588943051FD47007FDFF3 /* NewsItem.swift */ = {isa = PBXFileReference; lastKnownFileType = sourcecode.swift; path = NewsItem.swift; sourceTree = "<group>"; };
		538588953051FD47007FDFF3 /* RecurrenceRule.swift */ = {isa = PBXFileReference; lastKnownFileType = sourcecode.swift; path = RecurrenceRule.swift; sourceTree = "<group>"; };
		538588963051FD47007FDFF3 /* ReminderCascadeSettings.swift */ = {isa = PBXFileReference; lastKnownFileType = sourcecode.swift; path = ReminderCascadeSettings.swift; sourceTree = "<group>"; };
		538588983051FD47007FDFF3 /* AccountHealth+UI.swift */ = {isa = PBXFileReference; lastKnownFileType = sourcecode.swift; path = "AccountHealth+UI.swift"; sourceTree = "<group>"; };
		538588993051FD47007FDFF3 /* Date+Helpers.swift */ = {isa = PBXFileReference; lastKnownFileType = sourcecode.swift; path = "Date+Helpers.swift"; sourceTree = "<group>"; };
		5385889A3051FD47007FDFF3 /* EventType+UI.swift */ = {isa = PBXFileReference; lastKnownFileType = sourcecode.swift; path = "EventType+UI.swift"; sourceTree = "<group>"; };
		5385889C3051FD47007FDFF3 /* AccountDetailView.swift */ = {isa = PBXFileReference; lastKnownFileType = sourcecode.swift; path = AccountDetailView.swift; sourceTree = "<group>"; };
		5385889D3051FD47007FDFF3 /* AccountPickerView.swift */ = {isa = PBXFileReference; lastKnownFileType = sourcecode.swift; path = AccountPickerView.swift; sourceTree = "<group>"; };
		5385889E3051FD47007FDFF3 /* AccountsListView.swift */ = {isa = PBXFileReference; lastKnownFileType = sourcecode.swift; path = AccountsListView.swift; sourceTree = "<group>"; };
		5385889F3051FD47007FDFF3 /* AddEditAccountView.swift */ = {isa = PBXFileReference; lastKnownFileType = sourcecode.swift; path = AddEditAccountView.swift; sourceTree = "<group>"; };
		538588A13051FD47007FDFF3 /* AddEventView.swift */ = {isa = PBXFileReference; lastKnownFileType = sourcecode.swift; path = AddEventView.swift; sourceTree = "<group>"; };
		538588A23051FD47007FDFF3 /* CalendarContainerView.swift */ = {isa = PBXFileReference; lastKnownFileType = sourcecode.swift; path = CalendarContainerView.swift; sourceTree = "<group>"; };
		538588A33051FD47007FDFF3 /* DayScheduleView.swift */ = {isa = PBXFileReference; lastKnownFileType = sourcecode.swift; path = DayScheduleView.swift; sourceTree = "<group>"; };
		538588A43051FD47007FDFF3 /* EventDetailView.swift */ = {isa = PBXFileReference; lastKnownFileType = sourcecode.swift; path = EventDetailView.swift; sourceTree = "<group>"; };
		538588A53051FD47007FDFF3 /* MonthGridView.swift */ = {isa = PBXFileReference; lastKnownFileType = sourcecode.swift; path = MonthGridView.swift; sourceTree = "<group>"; };
		538588A63051FD47007FDFF3 /* MultiDayScheduleView.swift */ = {isa = PBXFileReference; lastKnownFileType = sourcecode.swift; path = MultiDayScheduleView.swift; sourceTree = "<group>"; };
		538588A73051FD47007FDFF3 /* UnlinkedEventsReviewView.swift */ = {isa = PBXFileReference; lastKnownFileType = sourcecode.swift; path = UnlinkedEventsReviewView.swift; sourceTree = "<group>"; };
		538588A93051FD47007FDFF3 /* NewsFeedView.swift */ = {isa = PBXFileReference; lastKnownFileType = sourcecode.swift; path = NewsFeedView.swift; sourceTree = "<group>"; };
		538588AB3051FD47007FDFF3 /* ICloudGateView.swift */ = {isa = PBXFileReference; lastKnownFileType = sourcecode.swift; path = ICloudGateView.swift; sourceTree = "<group>"; };
		538588AD3051FD47007FDFF3 /* SettingsView.swift */ = {isa = PBXFileReference; lastKnownFileType = sourcecode.swift; path = SettingsView.swift; sourceTree = "<group>"; };
		538588AF3051FD47007FDFF3 /* AddEditTaskView.swift */ = {isa = PBXFileReference; lastKnownFileType = sourcecode.swift; path = AddEditTaskView.swift; sourceTree = "<group>"; };
		538588B03051FD47007FDFF3 /* TaskRow.swift */ = {isa = PBXFileReference; lastKnownFileType = sourcecode.swift; path = TaskRow.swift; sourceTree = "<group>"; };
		538588B13051FD47007FDFF3 /* TasksListView.swift */ = {isa = PBXFileReference; lastKnownFileType = sourcecode.swift; path = TasksListView.swift; sourceTree = "<group>"; };
/* End PBXFileReference section */

/* Begin PBXFileSystemSynchronizedBuildFileExceptionSet section */
		5385887B3051FCBE007FDFF3 /* Exceptions for "CSMCompanion" folder in "CSMCompanion" target */ = {
			isa = PBXFileSystemSynchronizedBuildFileExceptionSet;
			membershipExceptions = (
				Info.plist,
			);
			target = 538588573051FCBD007FDFF3 /* CSMCompanion */;
		};
/* End PBXFileSystemSynchronizedBuildFileExceptionSet section */

/* Begin PBXFileSystemSynchronizedRootGroup section */
		5385885A3051FCBD007FDFF3 /* CSMCompanion */ = {
			isa = PBXFileSystemSynchronizedRootGroup;
			exceptions = (
				5385887B3051FCBE007FDFF3 /* Exceptions for "CSMCompanion" folder in "CSMCompanion" target */,
			);
			path = CSMCompanion;
			sourceTree = "<group>";
		};
		5385886C3051FCBE007FDFF3 /* CSMCompanionTests */ = {
			isa = PBXFileSystemSynchronizedRootGroup;
			path = CSMCompanionTests;
			sourceTree = "<group>";
		};
		538588763051FCBE007FDFF3 /* CSMCompanionUITests */ = {
			isa = PBXFileSystemSynchronizedRootGroup;
			path = CSMCompanionUITests;
			sourceTree = "<group>";
		};
/* End PBXFileSystemSynchronizedRootGroup section */

/* Begin PBXFrameworksBuildPhase section */
		538588553051FCBD007FDFF3 /* Frameworks */ = {
			isa = PBXFrameworksBuildPhase;
			buildActionMask = 2147483647;
			files = (
			);
			runOnlyForDeploymentPostprocessing = 0;
		};
		538588663051FCBE007FDFF3 /* Frameworks */ = {
			isa = PBXFrameworksBuildPhase;
			buildActionMask = 2147483647;
			files = (
			);
			runOnlyForDeploymentPostprocessing = 0;
		};
		538588703051FCBE007FDFF3 /* Frameworks */ = {
			isa = PBXFrameworksBuildPhase;
			buildActionMask = 2147483647;
			files = (
			);
			runOnlyForDeploymentPostprocessing = 0;
		};
/* End PBXFrameworksBuildPhase section */

/* Begin PBXGroup section */
		5385884F3051FCBD007FDFF3 = {
			isa = PBXGroup;
			children = (
				5385885A3051FCBD007FDFF3 /* CSMCompanion */,
				5385886C3051FCBE007FDFF3 /* CSMCompanionTests */,
				538588763051FCBE007FDFF3 /* CSMCompanionUITests */,
				538588593051FCBD007FDFF3 /* Products */,
				5385888A3051FD47007FDFF3 /* App */,
				5385888E3051FD47007FDFF3 /* Managers */,
				538588973051FD47007FDFF3 /* Models */,
				5385889B3051FD47007FDFF3 /* Support */,
				538588B33051FD47007FDFF3 /* Views */,
			);
			sourceTree = "<group>";
		};
		538588593051FCBD007FDFF3 /* Products */ = {
			isa = PBXGroup;
			children = (
				538588583051FCBD007FDFF3 /* CSMCompanion.app */,
				538588693051FCBE007FDFF3 /* CSMCompanionTests.xctest */,
				538588733051FCBE007FDFF3 /* CSMCompanionUITests.xctest */,
			);
			name = Products;
			sourceTree = "<group>";
		};
		5385888A3051FD47007FDFF3 /* App */ = {
			isa = PBXGroup;
			children = (
				538588873051FD47007FDFF3 /* CSMCompanionApp.swift */,
				538588883051FD47007FDFF3 /* MainTabView.swift */,
				538588893051FD47007FDFF3 /* RootView.swift */,
			);
			path = App;
			sourceTree = "<group>";
		};
		5385888E3051FD47007FDFF3 /* Managers */ = {
			isa = PBXGroup;
			children = (
				5385888B3051FD47007FDFF3 /* CloudKitStatusChecker.swift */,
				5385888C3051FD47007FDFF3 /* EventKitManager.swift */,
				5385888D3051FD47007FDFF3 /* NotificationManager.swift */,
			);
			path = Managers;
			sourceTree = "<group>";
		};
		538588973051FD47007FDFF3 /* Models */ = {
			isa = PBXGroup;
			children = (
				5385888F3051FD47007FDFF3 /* Account.swift */,
				538588903051FD47007FDFF3 /* AccountHealth.swift */,
				538588913051FD47007FDFF3 /* CSMTask.swift */,
				538588923051FD47007FDFF3 /* Event.swift */,
				538588933051FD47007FDFF3 /* IgnoredCalendarEvent.swift */,
				538588943051FD47007FDFF3 /* NewsItem.swift */,
				538588953051FD47007FDFF3 /* RecurrenceRule.swift */,
				538588963051FD47007FDFF3 /* ReminderCascadeSettings.swift */,
			);
			path = Models;
			sourceTree = "<group>";
		};
		5385889B3051FD47007FDFF3 /* Support */ = {
			isa = PBXGroup;
			children = (
				538588983051FD47007FDFF3 /* AccountHealth+UI.swift */,
				538588993051FD47007FDFF3 /* Date+Helpers.swift */,
				5385889A3051FD47007FDFF3 /* EventType+UI.swift */,
			);
			path = Support;
			sourceTree = "<group>";
		};
		538588A03051FD47007FDFF3 /* Accounts */ = {
			isa = PBXGroup;
			children = (
				5385889C3051FD47007FDFF3 /* AccountDetailView.swift */,
				5385889D3051FD47007FDFF3 /* AccountPickerView.swift */,
				5385889E3051FD47007FDFF3 /* AccountsListView.swift */,
				5385889F3051FD47007FDFF3 /* AddEditAccountView.swift */,
			);
			path = Accounts;
			sourceTree = "<group>";
		};
		538588A83051FD47007FDFF3 /* Calendar */ = {
			isa = PBXGroup;
			children = (
				538588A13051FD47007FDFF3 /* AddEventView.swift */,
				538588A23051FD47007FDFF3 /* CalendarContainerView.swift */,
				538588A33051FD47007FDFF3 /* DayScheduleView.swift */,
				538588A43051FD47007FDFF3 /* EventDetailView.swift */,
				538588A53051FD47007FDFF3 /* MonthGridView.swift */,
				538588A63051FD47007FDFF3 /* MultiDayScheduleView.swift */,
				538588A73051FD47007FDFF3 /* UnlinkedEventsReviewView.swift */,
			);
			path = Calendar;
			sourceTree = "<group>";
		};
		538588AA3051FD47007FDFF3 /* News */ = {
			isa = PBXGroup;
			children = (
				538588A93051FD47007FDFF3 /* NewsFeedView.swift */,
			);
			path = News;
			sourceTree = "<group>";
		};
		538588AC3051FD47007FDFF3 /* Onboarding */ = {
			isa = PBXGroup;
			children = (
				538588AB3051FD47007FDFF3 /* ICloudGateView.swift */,
			);
			path = Onboarding;
			sourceTree = "<group>";
		};
		538588AE3051FD47007FDFF3 /* Settings */ = {
			isa = PBXGroup;
			children = (
				538588AD3051FD47007FDFF3 /* SettingsView.swift */,
			);
			path = Settings;
			sourceTree = "<group>";
		};
		538588B23051FD47007FDFF3 /* Tasks */ = {
			isa = PBXGroup;
			children = (
				538588AF3051FD47007FDFF3 /* AddEditTaskView.swift */,
				538588B03051FD47007FDFF3 /* TaskRow.swift */,
				538588B13051FD47007FDFF3 /* TasksListView.swift */,
			);
			path = Tasks;
			sourceTree = "<group>";
		};
		538588B33051FD47007FDFF3 /* Views */ = {
			isa = PBXGroup;
			children = (
				538588A03051FD47007FDFF3 /* Accounts */,
				538588A83051FD47007FDFF3 /* Calendar */,
				538588AA3051FD47007FDFF3 /* News */,
				538588AC3051FD47007FDFF3 /* Onboarding */,
				538588AE3051FD47007FDFF3 /* Settings */,
				538588B23051FD47007FDFF3 /* Tasks */,
			);
			path = Views;
			sourceTree = "<group>";
		};
/* End PBXGroup section */

/* Begin PBXNativeTarget section */
		538588573051FCBD007FDFF3 /* CSMCompanion */ = {
			isa = PBXNativeTarget;
			buildConfigurationList = 5385887C3051FCBE007FDFF3 /* Build configuration list for PBXNativeTarget "CSMCompanion" */;
			buildPhases = (
				538588543051FCBD007FDFF3 /* Sources */,
				538588553051FCBD007FDFF3 /* Frameworks */,
				538588563051FCBD007FDFF3 /* Resources */,
			);
			buildRules = (
			);
			dependencies = (
			);
			fileSystemSynchronizedGroups = (
				5385885A3051FCBD007FDFF3 /* CSMCompanion */,
			);
			name = CSMCompanion;
			packageProductDependencies = (
			);
			productName = CSMCompanion;
			productReference = 538588583051FCBD007FDFF3 /* CSMCompanion.app */;
			productType = "com.apple.product-type.application";
		};
		538588683051FCBE007FDFF3 /* CSMCompanionTests */ = {
			isa = PBXNativeTarget;
			buildConfigurationList = 538588813051FCBE007FDFF3 /* Build configuration list for PBXNativeTarget "CSMCompanionTests" */;
			buildPhases = (
				538588653051FCBE007FDFF3 /* Sources */,
				538588663051FCBE007FDFF3 /* Frameworks */,
				538588673051FCBE007FDFF3 /* Resources */,
			);
			buildRules = (
			);
			dependencies = (
				5385886B3051FCBE007FDFF3 /* PBXTargetDependency */,
			);
			fileSystemSynchronizedGroups = (
				5385886C3051FCBE007FDFF3 /* CSMCompanionTests */,
			);
			name = CSMCompanionTests;
			packageProductDependencies = (
			);
			productName = CSMCompanionTests;
			productReference = 538588693051FCBE007FDFF3 /* CSMCompanionTests.xctest */;
			productType = "com.apple.product-type.bundle.unit-test";
		};
		538588723051FCBE007FDFF3 /* CSMCompanionUITests */ = {
			isa = PBXNativeTarget;
			buildConfigurationList = 538588843051FCBE007FDFF3 /* Build configuration list for PBXNativeTarget "CSMCompanionUITests" */;
			buildPhases = (
				5385886F3051FCBE007FDFF3 /* Sources */,
				538588703051FCBE007FDFF3 /* Frameworks */,
				538588713051FCBE007FDFF3 /* Resources */,
			);
			buildRules = (
			);
			dependencies = (
				538588753051FCBE007FDFF3 /* PBXTargetDependency */,
			);
			fileSystemSynchronizedGroups = (
				538588763051FCBE007FDFF3 /* CSMCompanionUITests */,
			);
			name = CSMCompanionUITests;
			packageProductDependencies = (
			);
			productName = CSMCompanionUITests;
			productReference = 538588733051FCBE007FDFF3 /* CSMCompanionUITests.xctest */;
			productType = "com.apple.product-type.bundle.ui-testing";
		};
/* End PBXNativeTarget section */

/* Begin PBXProject section */
		538588503051FCBD007FDFF3 /* Project object */ = {
			isa = PBXProject;
			attributes = {
				BuildIndependentTargetsInParallel = 1;
				LastSwiftUpdateCheck = 2660;
				LastUpgradeCheck = 2660;
				TargetAttributes = {
					538588573051FCBD007FDFF3 = {
						CreatedOnToolsVersion = 26.6;
					};
					538588683051FCBE007FDFF3 = {
						CreatedOnToolsVersion = 26.6;
						TestTargetID = 538588573051FCBD007FDFF3;
					};
					538588723051FCBE007FDFF3 = {
						CreatedOnToolsVersion = 26.6;
						TestTargetID = 538588573051FCBD007FDFF3;
					};
				};
			};
			buildConfigurationList = 538588533051FCBD007FDFF3 /* Build configuration list for PBXProject "CSMCompanion" */;
			developmentRegion = en;
			hasScannedForEncodings = 0;
			knownRegions = (
				en,
				Base,
			);
			mainGroup = 5385884F3051FCBD007FDFF3;
			minimizedProjectReferenceProxies = 1;
			preferredProjectObjectVersion = 77;
			productRefGroup = 538588593051FCBD007FDFF3 /* Products */;
			projectDirPath = "";
			projectRoot = "";
			targets = (
				538588573051FCBD007FDFF3 /* CSMCompanion */,
				538588683051FCBE007FDFF3 /* CSMCompanionTests */,
				538588723051FCBE007FDFF3 /* CSMCompanionUITests */,
			);
		};
/* End PBXProject section */

/* Begin PBXResourcesBuildPhase section */
		538588563051FCBD007FDFF3 /* Resources */ = {
			isa = PBXResourcesBuildPhase;
			buildActionMask = 2147483647;
			files = (
			);
			runOnlyForDeploymentPostprocessing = 0;
		};
		538588673051FCBE007FDFF3 /* Resources */ = {
			isa = PBXResourcesBuildPhase;
			buildActionMask = 2147483647;
			files = (
			);
			runOnlyForDeploymentPostprocessing = 0;
		};
		538588713051FCBE007FDFF3 /* Resources */ = {
			isa = PBXResourcesBuildPhase;
			buildActionMask = 2147483647;
			files = (
			);
			runOnlyForDeploymentPostprocessing = 0;
		};
/* End PBXResourcesBuildPhase section */

/* Begin PBXSourcesBuildPhase section */
		538588543051FCBD007FDFF3 /* Sources */ = {
			isa = PBXSourcesBuildPhase;
			buildActionMask = 2147483647;
			files = (
				538588B43051FD47007FDFF3 /* Date+Helpers.swift in Sources */,
				538588B53051FD47007FDFF3 /* AddEventView.swift in Sources */,
				538588B63051FD47007FDFF3 /* AccountHealth+UI.swift in Sources */,
				538588B73051FD47007FDFF3 /* CSMCompanionApp.swift in Sources */,
				538588B83051FD47007FDFF3 /* AccountHealth.swift in Sources */,
				538588B93051FD47007FDFF3 /* AccountsListView.swift in Sources */,
				538588BA3051FD47007FDFF3 /* IgnoredCalendarEvent.swift in Sources */,
				538588BB3051FD47007FDFF3 /* CalendarContainerView.swift in Sources */,
				538588BC3051FD47007FDFF3 /* Account.swift in Sources */,
				538588BD3051FD47007FDFF3 /* TasksListView.swift in Sources */,
				538588BE3051FD47007FDFF3 /* NewsFeedView.swift in Sources */,
				538588BF3051FD47007FDFF3 /* EventKitManager.swift in Sources */,
				538588C03051FD47007FDFF3 /* EventDetailView.swift in Sources */,
				538588C13051FD47007FDFF3 /* MainTabView.swift in Sources */,
				538588C23051FD47007FDFF3 /* TaskRow.swift in Sources */,
				538588C33051FD47007FDFF3 /* MonthGridView.swift in Sources */,
				538588C43051FD47007FDFF3 /* NewsItem.swift in Sources */,
				538588C53051FD47007FDFF3 /* AccountPickerView.swift in Sources */,
				538588C63051FD47007FDFF3 /* EventType+UI.swift in Sources */,
				538588C73051FD47007FDFF3 /* AccountDetailView.swift in Sources */,
				538588C83051FD47007FDFF3 /* NotificationManager.swift in Sources */,
				538588C93051FD47007FDFF3 /* AddEditTaskView.swift in Sources */,
				538588CA3051FD47007FDFF3 /* Event.swift in Sources */,
				538588CB3051FD47007FDFF3 /* RecurrenceRule.swift in Sources */,
				538588CC3051FD47007FDFF3 /* ReminderCascadeSettings.swift in Sources */,
				538588CD3051FD47007FDFF3 /* CloudKitStatusChecker.swift in Sources */,
				538588CE3051FD47007FDFF3 /* CSMTask.swift in Sources */,
				538588CF3051FD47007FDFF3 /* MultiDayScheduleView.swift in Sources */,
				538588D03051FD47007FDFF3 /* UnlinkedEventsReviewView.swift in Sources */,
				538588D13051FD47007FDFF3 /* RootView.swift in Sources */,
				538588D23051FD47007FDFF3 /* SettingsView.swift in Sources */,
				538588D33051FD47007FDFF3 /* DayScheduleView.swift in Sources */,
				538588D43051FD47007FDFF3 /* AddEditAccountView.swift in Sources */,
				538588D53051FD47007FDFF3 /* ICloudGateView.swift in Sources */,
			);
			runOnlyForDeploymentPostprocessing = 0;
		};
		538588653051FCBE007FDFF3 /* Sources */ = {
			isa = PBXSourcesBuildPhase;
			buildActionMask = 2147483647;
			files = (
			);
			runOnlyForDeploymentPostprocessing = 0;
		};
		5385886F3051FCBE007FDFF3 /* Sources */ = {
			isa = PBXSourcesBuildPhase;
			buildActionMask = 2147483647;
			files = (
			);
			runOnlyForDeploymentPostprocessing = 0;
		};
/* End PBXSourcesBuildPhase section */

/* Begin PBXTargetDependency section */
		5385886B3051FCBE007FDFF3 /* PBXTargetDependency */ = {
			isa = PBXTargetDependency;
			target = 538588573051FCBD007FDFF3 /* CSMCompanion */;
			targetProxy = 5385886A3051FCBE007FDFF3 /* PBXContainerItemProxy */;
		};
		538588753051FCBE007FDFF3 /* PBXTargetDependency */ = {
			isa = PBXTargetDependency;
			target = 538588573051FCBD007FDFF3 /* CSMCompanion */;
			targetProxy = 538588743051FCBE007FDFF3 /* PBXContainerItemProxy */;
		};
/* End PBXTargetDependency section */

/* Begin XCBuildConfiguration section */
		5385887D3051FCBE007FDFF3 /* Debug */ = {
			isa = XCBuildConfiguration;
			buildSettings = {
				ASSETCATALOG_COMPILER_APPICON_NAME = AppIcon;
				ASSETCATALOG_COMPILER_GLOBAL_ACCENT_COLOR_NAME = AccentColor;
				CODE_SIGN_ENTITLEMENTS = CSMCompanion/CSMCompanion.entitlements;
				CODE_SIGN_STYLE = Automatic;
				CURRENT_PROJECT_VERSION = 1;
				DEVELOPMENT_TEAM = FZ477BG7U9;
				ENABLE_PREVIEWS = YES;
				GENERATE_INFOPLIST_FILE = YES;
				INFOPLIST_FILE = CSMCompanion/Info.plist;
				INFOPLIST_KEY_UIApplicationSceneManifest_Generation = YES;
				INFOPLIST_KEY_UIApplicationSupportsIndirectInputEvents = YES;
				INFOPLIST_KEY_UILaunchScreen_Generation = YES;
				INFOPLIST_KEY_UISupportedInterfaceOrientations_iPad = "UIInterfaceOrientationPortrait UIInterfaceOrientationPortraitUpsideDown UIInterfaceOrientationLandscapeLeft UIInterfaceOrientationLandscapeRight";
				INFOPLIST_KEY_UISupportedInterfaceOrientations_iPhone = "UIInterfaceOrientationPortrait UIInterfaceOrientationLandscapeLeft UIInterfaceOrientationLandscapeRight";
				LD_RUNPATH_SEARCH_PATHS = (
					"$(inherited)",
					"@executable_path/Frameworks",
				);
				MARKETING_VERSION = 1.0;
				PRODUCT_BUNDLE_IDENTIFIER = com.hextablelabs.CSMCompanion;
				PRODUCT_NAME = "$(TARGET_NAME)";
				STRING_CATALOG_GENERATE_SYMBOLS = YES;
				SWIFT_APPROACHABLE_CONCURRENCY = YES;
				SWIFT_DEFAULT_ACTOR_ISOLATION = MainActor;
				SWIFT_EMIT_LOC_STRINGS = YES;
				SWIFT_UPCOMING_FEATURE_MEMBER_IMPORT_VISIBILITY = YES;
				SWIFT_VERSION = 5.0;
				TARGETED_DEVICE_FAMILY = "1,2";
			};
			name = Debug;
		};
		5385887E3051FCBE007FDFF3 /* Release */ = {
			isa = XCBuildConfiguration;
			buildSettings = {
				ASSETCATALOG_COMPILER_APPICON_NAME = AppIcon;
				ASSETCATALOG_COMPILER_GLOBAL_ACCENT_COLOR_NAME = AccentColor;
				CODE_SIGN_ENTITLEMENTS = CSMCompanion/CSMCompanion.entitlements;
				CODE_SIGN_STYLE = Automatic;
				CURRENT_PROJECT_VERSION = 1;
				DEVELOPMENT_TEAM = FZ477BG7U9;
				ENABLE_PREVIEWS = YES;
				GENERATE_INFOPLIST_FILE = YES;
				INFOPLIST_FILE = CSMCompanion/Info.plist;
				INFOPLIST_KEY_UIApplicationSceneManifest_Generation = YES;
				INFOPLIST_KEY_UIApplicationSupportsIndirectInputEvents = YES;
				INFOPLIST_KEY_UILaunchScreen_Generation = YES;
				INFOPLIST_KEY_UISupportedInterfaceOrientations_iPad = "UIInterfaceOrientationPortrait UIInterfaceOrientationPortraitUpsideDown UIInterfaceOrientationLandscapeLeft UIInterfaceOrientationLandscapeRight";
				INFOPLIST_KEY_UISupportedInterfaceOrientations_iPhone = "UIInterfaceOrientationPortrait UIInterfaceOrientationLandscapeLeft UIInterfaceOrientationLandscapeRight";
				LD_RUNPATH_SEARCH_PATHS = (
					"$(inherited)",
					"@executable_path/Frameworks",
				);
				MARKETING_VERSION = 1.0;
				PRODUCT_BUNDLE_IDENTIFIER = com.hextablelabs.CSMCompanion;
				PRODUCT_NAME = "$(TARGET_NAME)";
				STRING_CATALOG_GENERATE_SYMBOLS = YES;
				SWIFT_APPROACHABLE_CONCURRENCY = YES;
				SWIFT_DEFAULT_ACTOR_ISOLATION = MainActor;
				SWIFT_EMIT_LOC_STRINGS = YES;
				SWIFT_UPCOMING_FEATURE_MEMBER_IMPORT_VISIBILITY = YES;
				SWIFT_VERSION = 5.0;
				TARGETED_DEVICE_FAMILY = "1,2";
			};
			name = Release;
		};
		5385887F3051FCBE007FDFF3 /* Debug */ = {
			isa = XCBuildConfiguration;
			buildSettings = {
				ALWAYS_SEARCH_USER_PATHS = NO;
				ASSETCATALOG_COMPILER_GENERATE_SWIFT_ASSET_SYMBOL_EXTENSIONS = YES;
				CLANG_ANALYZER_NONNULL = YES;
				CLANG_ANALYZER_NUMBER_OBJECT_CONVERSION = YES_AGGRESSIVE;
				CLANG_CXX_LANGUAGE_STANDARD = "gnu++20";
				CLANG_ENABLE_MODULES = YES;
				CLANG_ENABLE_OBJC_ARC = YES;
				CLANG_ENABLE_OBJC_WEAK = YES;
				CLANG_WARN_BLOCK_CAPTURE_AUTORELEASING = YES;
				CLANG_WARN_BOOL_CONVERSION = YES;
				CLANG_WARN_COMMA = YES;
				CLANG_WARN_CONSTANT_CONVERSION = YES;
				CLANG_WARN_DEPRECATED_OBJC_IMPLEMENTATIONS = YES;
				CLANG_WARN_DIRECT_OBJC_ISA_USAGE = YES_ERROR;
				CLANG_WARN_DOCUMENTATION_COMMENTS = YES;
				CLANG_WARN_EMPTY_BODY = YES;
				CLANG_WARN_ENUM_CONVERSION = YES;
				CLANG_WARN_INFINITE_RECURSION = YES;
				CLANG_WARN_INT_CONVERSION = YES;
				CLANG_WARN_NON_LITERAL_NULL_CONVERSION = YES;
				CLANG_WARN_OBJC_IMPLICIT_RETAIN_SELF = YES;
				CLANG_WARN_OBJC_LITERAL_CONVERSION = YES;
				CLANG_WARN_OBJC_ROOT_CLASS = YES_ERROR;
				CLANG_WARN_QUOTED_INCLUDE_IN_FRAMEWORK_HEADER = YES;
				CLANG_WARN_RANGE_LOOP_ANALYSIS = YES;
				CLANG_WARN_STRICT_PROTOTYPES = YES;
				CLANG_WARN_SUSPICIOUS_MOVE = YES;
				CLANG_WARN_UNGUARDED_AVAILABILITY = YES_AGGRESSIVE;
				CLANG_WARN_UNREACHABLE_CODE = YES;
				CLANG_WARN__DUPLICATE_METHOD_MATCH = YES;
				COPY_PHASE_STRIP = NO;
				DEBUG_INFORMATION_FORMAT = dwarf;
				DEVELOPMENT_TEAM = FZ477BG7U9;
				ENABLE_STRICT_OBJC_MSGSEND = YES;
				ENABLE_TESTABILITY = YES;
				ENABLE_USER_SCRIPT_SANDBOXING = YES;
				GCC_C_LANGUAGE_STANDARD = gnu17;
				GCC_DYNAMIC_NO_PIC = NO;
				GCC_NO_COMMON_BLOCKS = YES;
				GCC_OPTIMIZATION_LEVEL = 0;
				GCC_PREPROCESSOR_DEFINITIONS = (
					"DEBUG=1",
					"$(inherited)",
				);
				GCC_WARN_64_TO_32_BIT_CONVERSION = YES;
				GCC_WARN_ABOUT_RETURN_TYPE = YES_ERROR;
				GCC_WARN_UNDECLARED_SELECTOR = YES;
				GCC_WARN_UNINITIALIZED_AUTOS = YES_AGGRESSIVE;
				GCC_WARN_UNUSED_FUNCTION = YES;
				GCC_WARN_UNUSED_VARIABLE = YES;
				IPHONEOS_DEPLOYMENT_TARGET = 26.5;
				LOCALIZATION_PREFERS_STRING_CATALOGS = YES;
				MTL_ENABLE_DEBUG_INFO = INCLUDE_SOURCE;
				MTL_FAST_MATH = YES;
				ONLY_ACTIVE_ARCH = YES;
				SDKROOT = iphoneos;
				SWIFT_ACTIVE_COMPILATION_CONDITIONS = "DEBUG $(inherited)";
				SWIFT_OPTIMIZATION_LEVEL = "-Onone";
			};
			name = Debug;
		};
		538588803051FCBE007FDFF3 /* Release */ = {
			isa = XCBuildConfiguration;
			buildSettings = {
				ALWAYS_SEARCH_USER_PATHS = NO;
				ASSETCATALOG_COMPILER_GENERATE_SWIFT_ASSET_SYMBOL_EXTENSIONS = YES;
				CLANG_ANALYZER_NONNULL = YES;
				CLANG_ANALYZER_NUMBER_OBJECT_CONVERSION = YES_AGGRESSIVE;
				CLANG_CXX_LANGUAGE_STANDARD = "gnu++20";
				CLANG_ENABLE_MODULES = YES;
				CLANG_ENABLE_OBJC_ARC = YES;
				CLANG_ENABLE_OBJC_WEAK = YES;
				CLANG_WARN_BLOCK_CAPTURE_AUTORELEASING = YES;
				CLANG_WARN_BOOL_CONVERSION = YES;
				CLANG_WARN_COMMA = YES;
				CLANG_WARN_CONSTANT_CONVERSION = YES;
				CLANG_WARN_DEPRECATED_OBJC_IMPLEMENTATIONS = YES;
				CLANG_WARN_DIRECT_OBJC_ISA_USAGE = YES_ERROR;
				CLANG_WARN_DOCUMENTATION_COMMENTS = YES;
				CLANG_WARN_EMPTY_BODY = YES;
				CLANG_WARN_ENUM_CONVERSION = YES;
				CLANG_WARN_INFINITE_RECURSION = YES;
				CLANG_WARN_INT_CONVERSION = YES;
				CLANG_WARN_NON_LITERAL_NULL_CONVERSION = YES;
				CLANG_WARN_OBJC_IMPLICIT_RETAIN_SELF = YES;
				CLANG_WARN_OBJC_LITERAL_CONVERSION = YES;
				CLANG_WARN_OBJC_ROOT_CLASS = YES_ERROR;
				CLANG_WARN_QUOTED_INCLUDE_IN_FRAMEWORK_HEADER = YES;
				CLANG_WARN_RANGE_LOOP_ANALYSIS = YES;
				CLANG_WARN_STRICT_PROTOTYPES = YES;
				CLANG_WARN_SUSPICIOUS_MOVE = YES;
				CLANG_WARN_UNGUARDED_AVAILABILITY = YES_AGGRESSIVE;
				CLANG_WARN_UNREACHABLE_CODE = YES;
				CLANG_WARN__DUPLICATE_METHOD_MATCH = YES;
				COPY_PHASE_STRIP = NO;
				DEBUG_INFORMATION_FORMAT = "dwarf-with-dsym";
				DEVELOPMENT_TEAM = FZ477BG7U9;
				ENABLE_NS_ASSERTIONS = NO;
				ENABLE_STRICT_OBJC_MSGSEND = YES;
				ENABLE_USER_SCRIPT_SANDBOXING = YES;
				GCC_C_LANGUAGE_STANDARD = gnu17;
				GCC_NO_COMMON_BLOCKS = YES;
				GCC_WARN_64_TO_32_BIT_CONVERSION = YES;
				GCC_WARN_ABOUT_RETURN_TYPE = YES_ERROR;
				GCC_WARN_UNDECLARED_SELECTOR = YES;
				GCC_WARN_UNINITIALIZED_AUTOS = YES_AGGRESSIVE;
				GCC_WARN_UNUSED_FUNCTION = YES;
				GCC_WARN_UNUSED_VARIABLE = YES;
				IPHONEOS_DEPLOYMENT_TARGET = 26.5;
				LOCALIZATION_PREFERS_STRING_CATALOGS = YES;
				MTL_ENABLE_DEBUG_INFO = NO;
				MTL_FAST_MATH = YES;
				SDKROOT = iphoneos;
				SWIFT_COMPILATION_MODE = wholemodule;
				VALIDATE_PRODUCT = YES;
			};
			name = Release;
		};
		538588823051FCBE007FDFF3 /* Debug */ = {
			isa = XCBuildConfiguration;
			buildSettings = {
				BUNDLE_LOADER = "$(TEST_HOST)";
				CODE_SIGN_STYLE = Automatic;
				CURRENT_PROJECT_VERSION = 1;
				DEVELOPMENT_TEAM = FZ477BG7U9;
				GENERATE_INFOPLIST_FILE = YES;
				IPHONEOS_DEPLOYMENT_TARGET = 26.5;
				MARKETING_VERSION = 1.0;
				PRODUCT_BUNDLE_IDENTIFIER = com.hextablelabs.CSMCompanionTests;
				PRODUCT_NAME = "$(TARGET_NAME)";
				STRING_CATALOG_GENERATE_SYMBOLS = NO;
				SWIFT_APPROACHABLE_CONCURRENCY = YES;
				SWIFT_EMIT_LOC_STRINGS = NO;
				SWIFT_UPCOMING_FEATURE_MEMBER_IMPORT_VISIBILITY = YES;
				SWIFT_VERSION = 5.0;
				TARGETED_DEVICE_FAMILY = "1,2";
				TEST_HOST = "$(BUILT_PRODUCTS_DIR)/CSMCompanion.app/$(BUNDLE_EXECUTABLE_FOLDER_PATH)/CSMCompanion";
			};
			name = Debug;
		};
		538588833051FCBE007FDFF3 /* Release */ = {
			isa = XCBuildConfiguration;
			buildSettings = {
				BUNDLE_LOADER = "$(TEST_HOST)";
				CODE_SIGN_STYLE = Automatic;
				CURRENT_PROJECT_VERSION = 1;
				DEVELOPMENT_TEAM = FZ477BG7U9;
				GENERATE_INFOPLIST_FILE = YES;
				IPHONEOS_DEPLOYMENT_TARGET = 26.5;
				MARKETING_VERSION = 1.0;
				PRODUCT_BUNDLE_IDENTIFIER = com.hextablelabs.CSMCompanionTests;
				PRODUCT_NAME = "$(TARGET_NAME)";
				STRING_CATALOG_GENERATE_SYMBOLS = NO;
				SWIFT_APPROACHABLE_CONCURRENCY = YES;
				SWIFT_EMIT_LOC_STRINGS = NO;
				SWIFT_UPCOMING_FEATURE_MEMBER_IMPORT_VISIBILITY = YES;
				SWIFT_VERSION = 5.0;
				TARGETED_DEVICE_FAMILY = "1,2";
				TEST_HOST = "$(BUILT_PRODUCTS_DIR)/CSMCompanion.app/$(BUNDLE_EXECUTABLE_FOLDER_PATH)/CSMCompanion";
			};
			name = Release;
		};
		538588853051FCBE007FDFF3 /* Debug */ = {
			isa = XCBuildConfiguration;
			buildSettings = {
				CODE_SIGN_STYLE = Automatic;
				CURRENT_PROJECT_VERSION = 1;
				DEVELOPMENT_TEAM = FZ477BG7U9;
				GENERATE_INFOPLIST_FILE = YES;
				MARKETING_VERSION = 1.0;
				PRODUCT_BUNDLE_IDENTIFIER = com.hextablelabs.CSMCompanionUITests;
				PRODUCT_NAME = "$(TARGET_NAME)";
				STRING_CATALOG_GENERATE_SYMBOLS = NO;
				SWIFT_APPROACHABLE_CONCURRENCY = YES;
				SWIFT_EMIT_LOC_STRINGS = NO;
				SWIFT_UPCOMING_FEATURE_MEMBER_IMPORT_VISIBILITY = YES;
				SWIFT_VERSION = 5.0;
				TARGETED_DEVICE_FAMILY = "1,2";
				TEST_TARGET_NAME = CSMCompanion;
			};
			name = Debug;
		};
		538588863051FCBE007FDFF3 /* Release */ = {
			isa = XCBuildConfiguration;
			buildSettings = {
				CODE_SIGN_STYLE = Automatic;
				CURRENT_PROJECT_VERSION = 1;
				DEVELOPMENT_TEAM = FZ477BG7U9;
				GENERATE_INFOPLIST_FILE = YES;
				MARKETING_VERSION = 1.0;
				PRODUCT_BUNDLE_IDENTIFIER = com.hextablelabs.CSMCompanionUITests;
				PRODUCT_NAME = "$(TARGET_NAME)";
				STRING_CATALOG_GENERATE_SYMBOLS = NO;
				SWIFT_APPROACHABLE_CONCURRENCY = YES;
				SWIFT_EMIT_LOC_STRINGS = NO;
				SWIFT_UPCOMING_FEATURE_MEMBER_IMPORT_VISIBILITY = YES;
				SWIFT_VERSION = 5.0;
				TARGETED_DEVICE_FAMILY = "1,2";
				TEST_TARGET_NAME = CSMCompanion;
			};
			name = Release;
		};
/* End XCBuildConfiguration section */

/* Begin XCConfigurationList section */
		538588533051FCBD007FDFF3 /* Build configuration list for PBXProject "CSMCompanion" */ = {
			isa = XCConfigurationList;
			buildConfigurations = (
				5385887F3051FCBE007FDFF3 /* Debug */,
				538588803051FCBE007FDFF3 /* Release */,
			);
			defaultConfigurationIsVisible = 0;
			defaultConfigurationName = Release;
		};
		5385887C3051FCBE007FDFF3 /* Build configuration list for PBXNativeTarget "CSMCompanion" */ = {
			isa = XCConfigurationList;
			buildConfigurations = (
				5385887D3051FCBE007FDFF3 /* Debug */,
				5385887E3051FCBE007FDFF3 /* Release */,
			);
			defaultConfigurationIsVisible = 0;
			defaultConfigurationName = Release;
		};
		538588813051FCBE007FDFF3 /* Build configuration list for PBXNativeTarget "CSMCompanionTests" */ = {
			isa = XCConfigurationList;
			buildConfigurations = (
				538588823051FCBE007FDFF3 /* Debug */,
				538588833051FCBE007FDFF3 /* Release */,
			);
			defaultConfigurationIsVisible = 0;
			defaultConfigurationName = Release;
		};
		538588843051FCBE007FDFF3 /* Build configuration list for PBXNativeTarget "CSMCompanionUITests" */ = {
			isa = XCConfigurationList;
			buildConfigurations = (
				538588853051FCBE007FDFF3 /* Debug */,
				538588863051FCBE007FDFF3 /* Release */,
			);
			defaultConfigurationIsVisible = 0;
			defaultConfigurationName = Release;
		};
/* End XCConfigurationList section */
	};
	rootObject = 538588503051FCBD007FDFF3 /* Project object */;
}
